{
  "version": "5",
  "redirects": {
    "https://deno.land/std/testing/mod.ts": "https://deno.land/std@0.224.0/testing/mod.ts"
  },
  "workspace": {
    "packageJson": {
      "dependencies": [
        "npm:@types/jest@30",
        "npm:@types/mocha@^10.0.10",
        "npm:@types/node@^24.10.1",
        "npm:jest@^29.7.0",
        "npm:jsr@~0.12.4",
        "npm:ts-jest@^29.1.2",
        "npm:ts-node@^10.9.2",
        "npm:typescript@^5.4.5"
      ]
    }
  }
}
